
Microsoft Visual Studio Solution File, Format Version 12.00
# Visual Studio 15
VisualStudioVersion = 15.0.27428.2037
MinimumVisualStudioVersion = 10.0.40219.1
Project("{FAE04EC0-301F-11D3-BF4B-00C04F79EFBC}") = "Genop", "Genop\Genop.csproj", "{78317670-97D6-4BE3-9850-34BF654E0611}"
EndProject
Project("{FAE04EC0-301F-11D3-BF4B-00C04F79EFBC}") = "Genop.UnitTests", "Genop.UnitTests\Genop.UnitTests.csproj", "{D0B3A262-56AD-4905-B9AF-747C91C233B9}"
EndProject
Global
	GlobalSection(SolutionConfigurationPlatforms) = preSolution
		Debug|Any CPU = Debug|Any CPU
		Release|Any CPU = Release|Any CPU
	EndGlobalSection
	GlobalSection(ProjectConfigurationPlatforms) = postSolution
		{78317670-97D6-4BE3-9850-34BF654E0611}.Debug|Any CPU.ActiveCfg = Debug|Any CPU
		{78317670-97D6-4BE3-9850-34BF654E0611}.Debug|Any CPU.Build.0 = Debug|Any CPU
		{78317670-97D6-4BE3-9850-34BF654E0611}.Release|Any CPU.ActiveCfg = Release|Any CPU
		{78317670-97D6-4BE3-9850-34BF654E0611}.Release|Any CPU.Build.0 = Release|Any CPU
		{D0B3A262-56AD-4905-B9AF-747C91C233B9}.Debug|Any CPU.ActiveCfg = Debug|Any CPU
		{D0B3A262-56AD-4905-B9AF-747C91C233B9}.Debug|Any CPU.Build.0 = Debug|Any CPU
		{D0B3A262-56AD-4905-B9AF-747C91C233B9}.Release|Any CPU.ActiveCfg = Release|Any CPU
		{D0B3A262-56AD-4905-B9AF-747C91C233B9}.Release|Any CPU.Build.0 = Release|Any CPU
	EndGlobalSection
	GlobalSection(SolutionProperties) = preSolution
		HideSolutionNode = FALSE
	EndGlobalSection
	GlobalSection(ExtensibilityGlobals) = postSolution
		SolutionGuid = {2CA23EAF-C4CD-4C14-A7F5-9AC1EBEBC9BC}
	EndGlobalSection
EndGlobal
